<?xml version="1.0" encoding="utf-8"?>
<Project ToolsVersion="4.0" xmlns="http://schemas.microsoft.com/developer/msbuild/2003">
  <ItemGroup>
    <Filter Include="Source Files">
      <UniqueIdentifier>{4FC737F1-C7A5-4376-A066-2A32D752A2FF}</UniqueIdentifier>
      <Extensions>cpp;c;cc;cxx;def;odl;idl;hpj;bat;asm;asmx</Extensions>
    </Filter>
    <Filter Include="Header Files">
      <UniqueIdentifier>{93995380-89BD-4b04-88EB-625FBE52EBFB}</UniqueIdentifier>
      <Extensions>h;hh;hpp;hxx;hm;inl;inc;xsd</Extensions>
    </Filter>
    <Filter Include="Resource Files">
      <UniqueIdentifier>{67DA6AB6-F800-4c08-8B7A-83BB121AAD01}</UniqueIdentifier>
      <Extensions>rc;ico;cur;bmp;dlg;rc2;rct;bin;rgs;gif;jpg;jpeg;jpe;resx;tiff;tif;png;wav;mfcribbon-ms</Extensions>
    </Filter>
    <Filter Include="Header Files\c11log">
      <UniqueIdentifier>{3f3d8a51-d799-43e2-bd6e-3638f1cd4f54}</UniqueIdentifier>
    </Filter>
    <Filter Include="Header Files\c11log\sinks">
      <UniqueIdentifier>{d087c87d-8703-46a1-aa23-4509cf253e87}</UniqueIdentifier>
    </Filter>
    <Filter Include="Header Files\c11log\details">
      <UniqueIdentifier>{5af50a0f-d174-41cd-833c-ead8ba06199a}</UniqueIdentifier>
    </Filter>
    <Filter Include="Header Files\c11log\formatters">
      <UniqueIdentifier>{64fe6898-a191-4d60-9363-25ecfd196f30}</UniqueIdentifier>
    </Filter>
  </ItemGroup>
  <ItemGroup>
    <Text Include="ReadMe.txt" />
  </ItemGroup>
  <ItemGroup>
    <ClInclude Include="stdafx.h">
      <Filter>Header Files</Filter>
    </ClInclude>
    <ClInclude Include="targetver.h">
      <Filter>Header Files</Filter>
    </ClInclude>
    <ClInclude Include="include\c11log\level.h">
      <Filter>Header Files\c11log</Filter>
    </ClInclude>
    <ClInclude Include="include\c11log\logger.h">
      <Filter>Header Files\c11log</Filter>
    </ClInclude>
    <ClInclude Include="include\c11log\details\line_logger.h">
      <Filter>Header Files\c11log\details</Filter>
    </ClInclude>
    <ClInclude Include="include\c11log\formatters\formatters.h">
      <Filter>Header Files\c11log\formatters</Filter>
    </ClInclude>
    <ClInclude Include="include\c11log\sinks\base_sink.h">
      <Filter>Header Files\c11log\sinks</Filter>
    </ClInclude>
    <ClInclude Include="include\c11log\sinks\stdout_sinks.h">
      <Filter>Header Files\c11log\sinks</Filter>
    </ClInclude>
    <ClInclude Include="include\c11log\sinks\file_sinks.h">
      <Filter>Header Files\c11log\sinks</Filter>
    </ClInclude>
    <ClInclude Include="include\c11log\log_exception.h">
      <Filter>Header Files\c11log</Filter>
    </ClInclude>
    <ClInclude Include="include\c11log\details\os.h">
      <Filter>Header Files\c11log\details</Filter>
    </ClInclude>
    <ClInclude Include="include\c11log\details\factory.h">
      <Filter>Header Files\c11log\details</Filter>
    </ClInclude>
    <ClInclude Include="include\c11log\details\null_mutex.h">
      <Filter>Header Files\c11log\details</Filter>
    </ClInclude>
    <ClInclude Include="include\c11log\details\fast_oss.h">
      <Filter>Header Files\c11log\details</Filter>
    </ClInclude>
    <ClInclude Include="include\c11log\details\message.h">
      <Filter>Header Files\c11log\details</Filter>
    </ClInclude>
    <ClInclude Include="include\c11log\sinks\async_sink.h">
      <Filter>Header Files\c11log\sinks</Filter>
    </ClInclude>
    <ClInclude Include="include\c11log\details\blocking_queue.h">
      <Filter>Header Files\c11log\details</Filter>
    </ClInclude>
  </ItemGroup>
  <ItemGroup>
    <ClCompile Include="stdafx.cpp">
      <Filter>Source Files</Filter>
    </ClCompile>
    <ClCompile Include="src\factory.cpp">
      <Filter>Source Files</Filter>
    </ClCompile>
    <ClCompile Include="src\formatters.cpp">
      <Filter>Source Files</Filter>
    </ClCompile>
    <ClCompile Include="src\os.cpp">
      <Filter>Source Files</Filter>
    </ClCompile>
    <ClCompile Include="src\line_logger.cpp">
      <Filter>Source Files</Filter>
    </ClCompile>
  </ItemGroup>
</Project>