<?xml version="1.0" encoding="utf-8"?>
<Project ToolsVersion="4.0" xmlns="http://schemas.microsoft.com/developer/msbuild/2003">
  <ItemGroup>
    <Filter Include="Headers">
      <UniqueIdentifier>{9e4e82c2-35fe-4707-a66a-5cc069b44224}</UniqueIdentifier>
    </Filter>
  </ItemGroup>
  <ItemGroup>
    <ClInclude Include="catch.hpp">
      <Filter>Headers</Filter>
    </ClInclude>
    <ClInclude Include="includes.h">
      <Filter>Headers</Filter>
    </ClInclude>
  </ItemGroup>
</Project>